
Microsoft Visual Studio Solution File, Format Version 12.00
# Visual Studio 14
VisualStudioVersion = 14.0.24720.0
MinimumVisualStudioVersion = 10.0.40219.1
Project("{FAE04EC0-301F-11D3-BF4B-00C04F79EFBC}") = "FileManagerNew", "..\FileManagerNew\FileManagerNew\FileManagerNew.csproj", "{CEB6BED3-31CD-4315-9F2D-F5EBF1CDF89A}"
EndProject
Project("{F184B08F-C81C-45F6-A57F-5ABD9991F28F}") = "OFFICE_Method", "..\OFFICE_Method\OFFICE_Method\OFFICE_Method.vbproj", "{78D7E043-4963-44C0-9631-9E9549EAFE91}"
EndProject
Project("{F184B08F-C81C-45F6-A57F-5ABD9991F28F}") = "CatiaFastipMethod", "..\TVA_tools\FASTTIP_CATIA_METHOD\CatiaFastipMethod.vbproj", "{A761EF80-FF77-41EF-85E0-A8FFBAC96AE2}"
EndProject
Project("{FAE04EC0-301F-11D3-BF4B-00C04F79EFBC}") = "AutorivetTeamWork", "AutorivetTeamWork.csproj", "{3B0FF9B9-3030-4344-B214-50A2F1F6544A}"
EndProject
Project("{FAE04EC0-301F-11D3-BF4B-00C04F79EFBC}") = "NCTools", "..\NC_TOOLS\NC_TOOL\NCTools.csproj", "{F2078848-BF40-4084-9559-492A72D17948}"
EndProject
Project("{FAE04EC0-301F-11D3-BF4B-00C04F79EFBC}") = "NC_TOOLTests", "..\NC_TOOLS\NC_TOOLTests\NC_TOOLTests.csproj", "{18F23BD5-C690-4E97-B141-1629E9B2C7D6}"
EndProject
Project("{FAE04EC0-301F-11D3-BF4B-00C04F79EFBC}") = "AutorivetTeamWork.Tests", "..\AutorivetTeamWork.Tests\AutorivetTeamWork.Tests.csproj", "{1AA67C43-D77F-42C7-9818-FCC49C96AD27}"
EndProject
Project("{FAE04EC0-301F-11D3-BF4B-00C04F79EFBC}") = "GoumangToolKit", "..\GoumangToolKit\goumangToolKit\GoumangToolKit.csproj", "{41F56599-8D65-48B1-AC56-99E8D146BC2D}"
EndProject
Project("{FAE04EC0-301F-11D3-BF4B-00C04F79EFBC}") = "SACISearch", "..\SACISearch\SACISearch\SACISearch.csproj", "{7F06B16E-A6E2-4678-8D5A-D25EAC54E362}"
EndProject
Global
	GlobalSection(SolutionConfigurationPlatforms) = preSolution
		Debug|Any CPU = Debug|Any CPU
		Debug|x86 = Debug|x86
		Release|Any CPU = Release|Any CPU
		Release|x86 = Release|x86
	EndGlobalSection
	GlobalSection(ProjectConfigurationPlatforms) = postSolution
		{CEB6BED3-31CD-4315-9F2D-F5EBF1CDF89A}.Debug|Any CPU.ActiveCfg = Debug|Any CPU
		{CEB6BED3-31CD-4315-9F2D-F5EBF1CDF89A}.Debug|Any CPU.Build.0 = Debug|Any CPU
		{CEB6BED3-31CD-4315-9F2D-F5EBF1CDF89A}.Debug|x86.ActiveCfg = Debug|Any CPU
		{CEB6BED3-31CD-4315-9F2D-F5EBF1CDF89A}.Release|Any CPU.ActiveCfg = Release|Any CPU
		{CEB6BED3-31CD-4315-9F2D-F5EBF1CDF89A}.Release|Any CPU.Build.0 = Release|Any CPU
		{CEB6BED3-31CD-4315-9F2D-F5EBF1CDF89A}.Release|x86.ActiveCfg = Release|Any CPU
		{78D7E043-4963-44C0-9631-9E9549EAFE91}.Debug|Any CPU.ActiveCfg = Debug|Any CPU
		{78D7E043-4963-44C0-9631-9E9549EAFE91}.Debug|Any CPU.Build.0 = Debug|Any CPU
		{78D7E043-4963-44C0-9631-9E9549EAFE91}.Debug|x86.ActiveCfg = Debug|Any CPU
		{78D7E043-4963-44C0-9631-9E9549EAFE91}.Debug|x86.Build.0 = Debug|Any CPU
		{78D7E043-4963-44C0-9631-9E9549EAFE91}.Release|Any CPU.ActiveCfg = Release|Any CPU
		{78D7E043-4963-44C0-9631-9E9549EAFE91}.Release|Any CPU.Build.0 = Release|Any CPU
		{78D7E043-4963-44C0-9631-9E9549EAFE91}.Release|x86.ActiveCfg = Release|Any CPU
		{78D7E043-4963-44C0-9631-9E9549EAFE91}.Release|x86.Build.0 = Release|Any CPU
		{A761EF80-FF77-41EF-85E0-A8FFBAC96AE2}.Debug|Any CPU.ActiveCfg = Debug|Any CPU
		{A761EF80-FF77-41EF-85E0-A8FFBAC96AE2}.Debug|Any CPU.Build.0 = Debug|Any CPU
		{A761EF80-FF77-41EF-85E0-A8FFBAC96AE2}.Debug|x86.ActiveCfg = Debug|Any CPU
		{A761EF80-FF77-41EF-85E0-A8FFBAC96AE2}.Debug|x86.Build.0 = Debug|Any CPU
		{A761EF80-FF77-41EF-85E0-A8FFBAC96AE2}.Release|Any CPU.ActiveCfg = Release|Any CPU
		{A761EF80-FF77-41EF-85E0-A8FFBAC96AE2}.Release|Any CPU.Build.0 = Release|Any CPU
		{A761EF80-FF77-41EF-85E0-A8FFBAC96AE2}.Release|x86.ActiveCfg = Release|Any CPU
		{A761EF80-FF77-41EF-85E0-A8FFBAC96AE2}.Release|x86.Build.0 = Release|Any CPU
		{3B0FF9B9-3030-4344-B214-50A2F1F6544A}.Debug|Any CPU.ActiveCfg = Debug|Any CPU
		{3B0FF9B9-3030-4344-B214-50A2F1F6544A}.Debug|Any CPU.Build.0 = Debug|Any CPU
		{3B0FF9B9-3030-4344-B214-50A2F1F6544A}.Debug|x86.ActiveCfg = Debug|x86
		{3B0FF9B9-3030-4344-B214-50A2F1F6544A}.Debug|x86.Build.0 = Debug|x86
		{3B0FF9B9-3030-4344-B214-50A2F1F6544A}.Release|Any CPU.ActiveCfg = Release|Any CPU
		{3B0FF9B9-3030-4344-B214-50A2F1F6544A}.Release|Any CPU.Build.0 = Release|Any CPU
		{3B0FF9B9-3030-4344-B214-50A2F1F6544A}.Release|x86.ActiveCfg = Release|x86
		{3B0FF9B9-3030-4344-B214-50A2F1F6544A}.Release|x86.Build.0 = Release|x86
		{F2078848-BF40-4084-9559-492A72D17948}.Debug|Any CPU.ActiveCfg = Debug|Any CPU
		{F2078848-BF40-4084-9559-492A72D17948}.Debug|Any CPU.Build.0 = Debug|Any CPU
		{F2078848-BF40-4084-9559-492A72D17948}.Debug|x86.ActiveCfg = Debug|Any CPU
		{F2078848-BF40-4084-9559-492A72D17948}.Debug|x86.Build.0 = Debug|Any CPU
		{F2078848-BF40-4084-9559-492A72D17948}.Release|Any CPU.ActiveCfg = Release|Any CPU
		{F2078848-BF40-4084-9559-492A72D17948}.Release|Any CPU.Build.0 = Release|Any CPU
		{F2078848-BF40-4084-9559-492A72D17948}.Release|x86.ActiveCfg = Release|Any CPU
		{F2078848-BF40-4084-9559-492A72D17948}.Release|x86.Build.0 = Release|Any CPU
		{18F23BD5-C690-4E97-B141-1629E9B2C7D6}.Debug|Any CPU.ActiveCfg = Debug|Any CPU
		{18F23BD5-C690-4E97-B141-1629E9B2C7D6}.Debug|Any CPU.Build.0 = Debug|Any CPU
		{18F23BD5-C690-4E97-B141-1629E9B2C7D6}.Debug|x86.ActiveCfg = Debug|Any CPU
		{18F23BD5-C690-4E97-B141-1629E9B2C7D6}.Debug|x86.Build.0 = Debug|Any CPU
		{18F23BD5-C690-4E97-B141-1629E9B2C7D6}.Release|Any CPU.ActiveCfg = Release|Any CPU
		{18F23BD5-C690-4E97-B141-1629E9B2C7D6}.Release|Any CPU.Build.0 = Release|Any CPU
		{18F23BD5-C690-4E97-B141-1629E9B2C7D6}.Release|x86.ActiveCfg = Release|Any CPU
		{18F23BD5-C690-4E97-B141-1629E9B2C7D6}.Release|x86.Build.0 = Release|Any CPU
		{1AA67C43-D77F-42C7-9818-FCC49C96AD27}.Debug|Any CPU.ActiveCfg = Debug|Any CPU
		{1AA67C43-D77F-42C7-9818-FCC49C96AD27}.Debug|Any CPU.Build.0 = Debug|Any CPU
		{1AA67C43-D77F-42C7-9818-FCC49C96AD27}.Debug|x86.ActiveCfg = Debug|Any CPU
		{1AA67C43-D77F-42C7-9818-FCC49C96AD27}.Debug|x86.Build.0 = Debug|Any CPU
		{1AA67C43-D77F-42C7-9818-FCC49C96AD27}.Release|Any CPU.ActiveCfg = Release|Any CPU
		{1AA67C43-D77F-42C7-9818-FCC49C96AD27}.Release|Any CPU.Build.0 = Release|Any CPU
		{1AA67C43-D77F-42C7-9818-FCC49C96AD27}.Release|x86.ActiveCfg = Release|Any CPU
		{1AA67C43-D77F-42C7-9818-FCC49C96AD27}.Release|x86.Build.0 = Release|Any CPU
		{41F56599-8D65-48B1-AC56-99E8D146BC2D}.Debug|Any CPU.ActiveCfg = Debug|Any CPU
		{41F56599-8D65-48B1-AC56-99E8D146BC2D}.Debug|Any CPU.Build.0 = Debug|Any CPU
		{41F56599-8D65-48B1-AC56-99E8D146BC2D}.Debug|x86.ActiveCfg = Debug|x86
		{41F56599-8D65-48B1-AC56-99E8D146BC2D}.Debug|x86.Build.0 = Debug|x86
		{41F56599-8D65-48B1-AC56-99E8D146BC2D}.Release|Any CPU.ActiveCfg = Release|Any CPU
		{41F56599-8D65-48B1-AC56-99E8D146BC2D}.Release|Any CPU.Build.0 = Release|Any CPU
		{41F56599-8D65-48B1-AC56-99E8D146BC2D}.Release|x86.ActiveCfg = Release|x86
		{41F56599-8D65-48B1-AC56-99E8D146BC2D}.Release|x86.Build.0 = Release|x86
		{7F06B16E-A6E2-4678-8D5A-D25EAC54E362}.Debug|Any CPU.ActiveCfg = Debug|Any CPU
		{7F06B16E-A6E2-4678-8D5A-D25EAC54E362}.Debug|Any CPU.Build.0 = Debug|Any CPU
		{7F06B16E-A6E2-4678-8D5A-D25EAC54E362}.Debug|x86.ActiveCfg = Debug|x86
		{7F06B16E-A6E2-4678-8D5A-D25EAC54E362}.Debug|x86.Build.0 = Debug|x86
		{7F06B16E-A6E2-4678-8D5A-D25EAC54E362}.Release|Any CPU.ActiveCfg = Release|Any CPU
		{7F06B16E-A6E2-4678-8D5A-D25EAC54E362}.Release|Any CPU.Build.0 = Release|Any CPU
		{7F06B16E-A6E2-4678-8D5A-D25EAC54E362}.Release|x86.ActiveCfg = Release|x86
		{7F06B16E-A6E2-4678-8D5A-D25EAC54E362}.Release|x86.Build.0 = Release|x86
	EndGlobalSection
	GlobalSection(SolutionProperties) = preSolution
		HideSolutionNode = FALSE
	EndGlobalSection
EndGlobal
